
Microsoft Visual Studio Solution File, Format Version 12.00
# Visual Studio 2013
VisualStudioVersion = 12.0.31101.0
MinimumVisualStudioVersion = 10.0.40219.1
Project("{FAE04EC0-301F-11D3-BF4B-00C04F79EFBC}") = "TreningsdagbokRest", "TreningsdagbokRest\TreningsdagbokRest.csproj", "{DE9D8D55-FAC1-4EDA-8603-5BC5837D0AAB}"
EndProject
Project("{FAE04EC0-301F-11D3-BF4B-00C04F79EFBC}") = "Treningsdagbok.DataLayer", "Treningsdagbok.DataLayer\Treningsdagbok.DataLayer.csproj", "{DFD28A51-08C7-4ECE-B78B-CA3E1CEAA1A8}"
EndProject
Project("{FAE04EC0-301F-11D3-BF4B-00C04F79EFBC}") = "Treningsdagbok.ServiceLayer", "Treningsdagbok.ServiceLayer\Treningsdagbok.ServiceLayer.csproj", "{9EBF9D05-0906-4708-853C-AE1920239D13}"
EndProject
Global
	GlobalSection(SolutionConfigurationPlatforms) = preSolution
		Debug|Any CPU = Debug|Any CPU
		Release|Any CPU = Release|Any CPU
	EndGlobalSection
	GlobalSection(ProjectConfigurationPlatforms) = postSolution
		{DE9D8D55-FAC1-4EDA-8603-5BC5837D0AAB}.Debug|Any CPU.ActiveCfg = Debug|Any CPU
		{DE9D8D55-FAC1-4EDA-8603-5BC5837D0AAB}.Debug|Any CPU.Build.0 = Debug|Any CPU
		{DE9D8D55-FAC1-4EDA-8603-5BC5837D0AAB}.Release|Any CPU.ActiveCfg = Release|Any CPU
		{DE9D8D55-FAC1-4EDA-8603-5BC5837D0AAB}.Release|Any CPU.Build.0 = Release|Any CPU
		{DFD28A51-08C7-4ECE-B78B-CA3E1CEAA1A8}.Debug|Any CPU.ActiveCfg = Debug|Any CPU
		{DFD28A51-08C7-4ECE-B78B-CA3E1CEAA1A8}.Debug|Any CPU.Build.0 = Debug|Any CPU
		{DFD28A51-08C7-4ECE-B78B-CA3E1CEAA1A8}.Release|Any CPU.ActiveCfg = Release|Any CPU
		{DFD28A51-08C7-4ECE-B78B-CA3E1CEAA1A8}.Release|Any CPU.Build.0 = Release|Any CPU
		{9EBF9D05-0906-4708-853C-AE1920239D13}.Debug|Any CPU.ActiveCfg = Debug|Any CPU
		{9EBF9D05-0906-4708-853C-AE1920239D13}.Debug|Any CPU.Build.0 = Debug|Any CPU
		{9EBF9D05-0906-4708-853C-AE1920239D13}.Release|Any CPU.ActiveCfg = Release|Any CPU
		{9EBF9D05-0906-4708-853C-AE1920239D13}.Release|Any CPU.Build.0 = Release|Any CPU
	EndGlobalSection
	GlobalSection(SolutionProperties) = preSolution
		HideSolutionNode = FALSE
	EndGlobalSection
EndGlobal
